
Microsoft Visual Studio Solution File, Format Version 12.00
# Visual Studio Version 16
VisualStudioVersion = 16.0.30413.136
MinimumVisualStudioVersion = 10.0.40219.1
Project("{9A19103F-16F7-4668-BE54-9A1E7A4F7556}") = "SuperFaktura", "SuperFaktura\SuperFaktura.csproj", "{9DB7695E-9810-4C59-B711-E5D662223D5E}"
EndProject
Project("{D954291E-2A0B-460D-934E-DC6B0785DB48}") = "SuperFakturaAPI.NET", "..\SuperFakturaAPI.NET\SuperFakturaAPI.NET.shproj", "{0E459130-2774-45EA-B4E2-56B7BEAA7B7B}"
EndProject
Project("{9A19103F-16F7-4668-BE54-9A1E7A4F7556}") = "SuperFaktura.Tests", "SuperFaktura.Tests\SuperFaktura.Tests.csproj", "{77E23091-CF9C-442F-AC0C-3C3FC86E5433}"
EndProject
Global
	GlobalSection(SharedMSBuildProjectFiles) = preSolution
		..\SuperFakturaAPI.NET\SuperFakturaAPI.NET.projitems*{0e459130-2774-45ea-b4e2-56b7beaa7b7b}*SharedItemsImports = 13
		..\SuperFakturaAPI.NET\SuperFakturaAPI.NET.projitems*{77e23091-cf9c-442f-ac0c-3c3fc86e5433}*SharedItemsImports = 5
		..\SuperFakturaAPI.NET\SuperFakturaAPI.NET.projitems*{9db7695e-9810-4c59-b711-e5d662223d5e}*SharedItemsImports = 5
	EndGlobalSection
	GlobalSection(SolutionConfigurationPlatforms) = preSolution
		Beta|Any CPU = Beta|Any CPU
		Beta|Mixed Platforms = Beta|Mixed Platforms
		Beta|x64 = Beta|x64
		Beta|x86 = Beta|x86
		Debug|Any CPU = Debug|Any CPU
		Debug|Mixed Platforms = Debug|Mixed Platforms
		Debug|x64 = Debug|x64
		Debug|x86 = Debug|x86
		Release|Any CPU = Release|Any CPU
		Release|Mixed Platforms = Release|Mixed Platforms
		Release|x64 = Release|x64
		Release|x86 = Release|x86
	EndGlobalSection
	GlobalSection(ProjectConfigurationPlatforms) = postSolution
		{9DB7695E-9810-4C59-B711-E5D662223D5E}.Beta|Any CPU.ActiveCfg = Release|Any CPU
		{9DB7695E-9810-4C59-B711-E5D662223D5E}.Beta|Any CPU.Build.0 = Release|Any CPU
		{9DB7695E-9810-4C59-B711-E5D662223D5E}.Beta|Mixed Platforms.ActiveCfg = Release|Any CPU
		{9DB7695E-9810-4C59-B711-E5D662223D5E}.Beta|Mixed Platforms.Build.0 = Release|Any CPU
		{9DB7695E-9810-4C59-B711-E5D662223D5E}.Beta|x64.ActiveCfg = Release|Any CPU
		{9DB7695E-9810-4C59-B711-E5D662223D5E}.Beta|x64.Build.0 = Release|Any CPU
		{9DB7695E-9810-4C59-B711-E5D662223D5E}.Beta|x86.ActiveCfg = Release|Any CPU
		{9DB7695E-9810-4C59-B711-E5D662223D5E}.Beta|x86.Build.0 = Release|Any CPU
		{9DB7695E-9810-4C59-B711-E5D662223D5E}.Debug|Any CPU.ActiveCfg = Debug|Any CPU
		{9DB7695E-9810-4C59-B711-E5D662223D5E}.Debug|Any CPU.Build.0 = Debug|Any CPU
		{9DB7695E-9810-4C59-B711-E5D662223D5E}.Debug|Mixed Platforms.ActiveCfg = Debug|Any CPU
		{9DB7695E-9810-4C59-B711-E5D662223D5E}.Debug|Mixed Platforms.Build.0 = Debug|Any CPU
		{9DB7695E-9810-4C59-B711-E5D662223D5E}.Debug|x64.ActiveCfg = Debug|Any CPU
		{9DB7695E-9810-4C59-B711-E5D662223D5E}.Debug|x64.Build.0 = Debug|Any CPU
		{9DB7695E-9810-4C59-B711-E5D662223D5E}.Debug|x86.ActiveCfg = Debug|Any CPU
		{9DB7695E-9810-4C59-B711-E5D662223D5E}.Debug|x86.Build.0 = Debug|Any CPU
		{9DB7695E-9810-4C59-B711-E5D662223D5E}.Release|Any CPU.ActiveCfg = Release|Any CPU
		{9DB7695E-9810-4C59-B711-E5D662223D5E}.Release|Any CPU.Build.0 = Release|Any CPU
		{9DB7695E-9810-4C59-B711-E5D662223D5E}.Release|Mixed Platforms.ActiveCfg = Release|Any CPU
		{9DB7695E-9810-4C59-B711-E5D662223D5E}.Release|Mixed Platforms.Build.0 = Release|Any CPU
		{9DB7695E-9810-4C59-B711-E5D662223D5E}.Release|x64.ActiveCfg = Release|Any CPU
		{9DB7695E-9810-4C59-B711-E5D662223D5E}.Release|x64.Build.0 = Release|Any CPU
		{9DB7695E-9810-4C59-B711-E5D662223D5E}.Release|x86.ActiveCfg = Release|Any CPU
		{9DB7695E-9810-4C59-B711-E5D662223D5E}.Release|x86.Build.0 = Release|Any CPU
		{77E23091-CF9C-442F-AC0C-3C3FC86E5433}.Beta|Any CPU.ActiveCfg = Release|Any CPU
		{77E23091-CF9C-442F-AC0C-3C3FC86E5433}.Beta|Any CPU.Build.0 = Release|Any CPU
		{77E23091-CF9C-442F-AC0C-3C3FC86E5433}.Beta|Mixed Platforms.ActiveCfg = Release|Any CPU
		{77E23091-CF9C-442F-AC0C-3C3FC86E5433}.Beta|Mixed Platforms.Build.0 = Release|Any CPU
		{77E23091-CF9C-442F-AC0C-3C3FC86E5433}.Beta|x64.ActiveCfg = Release|Any CPU
		{77E23091-CF9C-442F-AC0C-3C3FC86E5433}.Beta|x64.Build.0 = Release|Any CPU
		{77E23091-CF9C-442F-AC0C-3C3FC86E5433}.Beta|x86.ActiveCfg = Release|Any CPU
		{77E23091-CF9C-442F-AC0C-3C3FC86E5433}.Beta|x86.Build.0 = Release|Any CPU
		{77E23091-CF9C-442F-AC0C-3C3FC86E5433}.Debug|Any CPU.ActiveCfg = Debug|Any CPU
		{77E23091-CF9C-442F-AC0C-3C3FC86E5433}.Debug|Any CPU.Build.0 = Debug|Any CPU
		{77E23091-CF9C-442F-AC0C-3C3FC86E5433}.Debug|Mixed Platforms.ActiveCfg = Debug|Any CPU
		{77E23091-CF9C-442F-AC0C-3C3FC86E5433}.Debug|Mixed Platforms.Build.0 = Debug|Any CPU
		{77E23091-CF9C-442F-AC0C-3C3FC86E5433}.Debug|x64.ActiveCfg = Debug|Any CPU
		{77E23091-CF9C-442F-AC0C-3C3FC86E5433}.Debug|x64.Build.0 = Debug|Any CPU
		{77E23091-CF9C-442F-AC0C-3C3FC86E5433}.Debug|x86.ActiveCfg = Debug|Any CPU
		{77E23091-CF9C-442F-AC0C-3C3FC86E5433}.Debug|x86.Build.0 = Debug|Any CPU
		{77E23091-CF9C-442F-AC0C-3C3FC86E5433}.Release|Any CPU.ActiveCfg = Release|Any CPU
		{77E23091-CF9C-442F-AC0C-3C3FC86E5433}.Release|Any CPU.Build.0 = Release|Any CPU
		{77E23091-CF9C-442F-AC0C-3C3FC86E5433}.Release|Mixed Platforms.ActiveCfg = Release|Any CPU
		{77E23091-CF9C-442F-AC0C-3C3FC86E5433}.Release|Mixed Platforms.Build.0 = Release|Any CPU
		{77E23091-CF9C-442F-AC0C-3C3FC86E5433}.Release|x64.ActiveCfg = Release|Any CPU
		{77E23091-CF9C-442F-AC0C-3C3FC86E5433}.Release|x64.Build.0 = Release|Any CPU
		{77E23091-CF9C-442F-AC0C-3C3FC86E5433}.Release|x86.ActiveCfg = Release|Any CPU
		{77E23091-CF9C-442F-AC0C-3C3FC86E5433}.Release|x86.Build.0 = Release|Any CPU
	EndGlobalSection
	GlobalSection(SolutionProperties) = preSolution
		HideSolutionNode = FALSE
	EndGlobalSection
	GlobalSection(ExtensibilityGlobals) = postSolution
		SolutionGuid = {4967C230-1AA0-451E-8C7A-F2975CC74671}
	EndGlobalSection
EndGlobal
