
Microsoft Visual Studio Solution File, Format Version 12.00
# Visual Studio Version 16
VisualStudioVersion = 16.0.30413.136
MinimumVisualStudioVersion = 10.0.40219.1
Project("{FAE04EC0-301F-11D3-BF4B-00C04F79EFBC}") = "SuperFaktura", "SuperFaktura\SuperFaktura.csproj", "{9DB7695E-9810-4C59-B711-E5D662223D5E}"
EndProject
Project("{D954291E-2A0B-460D-934E-DC6B0785DB48}") = "SuperFakturaAPI.NET", "..\SuperFakturaAPI.NET\SuperFakturaAPI.NET.shproj", "{0E459130-2774-45EA-B4E2-56B7BEAA7B7B}"
EndProject
Global
	GlobalSection(SharedMSBuildProjectFiles) = preSolution
		..\SuperFakturaAPI.NET\SuperFakturaAPI.NET.projitems*{0e459130-2774-45ea-b4e2-56b7beaa7b7b}*SharedItemsImports = 13
		..\SuperFakturaAPI.NET\SuperFakturaAPI.NET.projitems*{9db7695e-9810-4c59-b711-e5d662223d5e}*SharedItemsImports = 5
	EndGlobalSection
	GlobalSection(SolutionConfigurationPlatforms) = preSolution
		Debug|Any CPU = Debug|Any CPU
		Release|Any CPU = Release|Any CPU
	EndGlobalSection
	GlobalSection(ProjectConfigurationPlatforms) = postSolution
		{9DB7695E-9810-4C59-B711-E5D662223D5E}.Debug|Any CPU.ActiveCfg = Debug|Any CPU
		{9DB7695E-9810-4C59-B711-E5D662223D5E}.Debug|Any CPU.Build.0 = Debug|Any CPU
		{9DB7695E-9810-4C59-B711-E5D662223D5E}.Release|Any CPU.ActiveCfg = Release|Any CPU
		{9DB7695E-9810-4C59-B711-E5D662223D5E}.Release|Any CPU.Build.0 = Release|Any CPU
	EndGlobalSection
	GlobalSection(SolutionProperties) = preSolution
		HideSolutionNode = FALSE
	EndGlobalSection
	GlobalSection(ExtensibilityGlobals) = postSolution
		SolutionGuid = {4967C230-1AA0-451E-8C7A-F2975CC74671}
	EndGlobalSection
EndGlobal
